
Microsoft Visual Studio Solution File, Format Version 12.00
# Visual Studio Version 16
VisualStudioVersion = 16.0.30907.101
MinimumVisualStudioVersion = 10.0.40219.1
Project("{FAE04EC0-301F-11D3-BF4B-00C04F79EFBC}") = "HistoryEngine.Core", "HistoryEngine.Core.csproj", "{6070D07B-0A56-4DEC-B13F-84C6FCF4042B}"
EndProject
Project("{FAE04EC0-301F-11D3-BF4B-00C04F79EFBC}") = "HistoryEngin.Data", "..\HistoryEngin.Data\HistoryEngin.Data.csproj", "{827ACF26-3B12-4788-8491-82F6B161A1F7}"
EndProject
Project("{FAE04EC0-301F-11D3-BF4B-00C04F79EFBC}") = "HistoryEngine.Api", "..\HistoryEngine.Api\HistoryEngine.Api.csproj", "{7E6A0F6E-E442-491F-B89C-E8CC1CE84675}"
EndProject
Global
	GlobalSection(SolutionConfigurationPlatforms) = preSolution
		Debug|Any CPU = Debug|Any CPU
		Release|Any CPU = Release|Any CPU
	EndGlobalSection
	GlobalSection(ProjectConfigurationPlatforms) = postSolution
		{6070D07B-0A56-4DEC-B13F-84C6FCF4042B}.Debug|Any CPU.ActiveCfg = Debug|Any CPU
		{6070D07B-0A56-4DEC-B13F-84C6FCF4042B}.Debug|Any CPU.Build.0 = Debug|Any CPU
		{6070D07B-0A56-4DEC-B13F-84C6FCF4042B}.Release|Any CPU.ActiveCfg = Release|Any CPU
		{6070D07B-0A56-4DEC-B13F-84C6FCF4042B}.Release|Any CPU.Build.0 = Release|Any CPU
		{827ACF26-3B12-4788-8491-82F6B161A1F7}.Debug|Any CPU.ActiveCfg = Debug|Any CPU
		{827ACF26-3B12-4788-8491-82F6B161A1F7}.Debug|Any CPU.Build.0 = Debug|Any CPU
		{827ACF26-3B12-4788-8491-82F6B161A1F7}.Release|Any CPU.ActiveCfg = Release|Any CPU
		{827ACF26-3B12-4788-8491-82F6B161A1F7}.Release|Any CPU.Build.0 = Release|Any CPU
		{7E6A0F6E-E442-491F-B89C-E8CC1CE84675}.Debug|Any CPU.ActiveCfg = Debug|Any CPU
		{7E6A0F6E-E442-491F-B89C-E8CC1CE84675}.Debug|Any CPU.Build.0 = Debug|Any CPU
		{7E6A0F6E-E442-491F-B89C-E8CC1CE84675}.Release|Any CPU.ActiveCfg = Release|Any CPU
		{7E6A0F6E-E442-491F-B89C-E8CC1CE84675}.Release|Any CPU.Build.0 = Release|Any CPU
	EndGlobalSection
	GlobalSection(SolutionProperties) = preSolution
		HideSolutionNode = FALSE
	EndGlobalSection
	GlobalSection(ExtensibilityGlobals) = postSolution
		SolutionGuid = {272A6661-74AD-4DC1-AD97-E0DC9FF8CC92}
	EndGlobalSection
EndGlobal
