
Microsoft Visual Studio Solution File, Format Version 12.00
# Visual Studio Version 16
VisualStudioVersion = 16.0.30907.101
MinimumVisualStudioVersion = 10.0.40219.1
Project("{9A19103F-16F7-4668-BE54-9A1E7A4F7556}") = "HistoryEngine.Core", "HistoryEngine.Core.csproj", "{6070D07B-0A56-4DEC-B13F-84C6FCF4042B}"
EndProject
Project("{9A19103F-16F7-4668-BE54-9A1E7A4F7556}") = "HistoryEngine.Data", "..\HistoryEngin.Data\HistoryEngine.Data.csproj", "{827ACF26-3B12-4788-8491-82F6B161A1F7}"
EndProject
Project("{9A19103F-16F7-4668-BE54-9A1E7A4F7556}") = "HistoryEngine.Api", "..\HistoryEngine.Api\HistoryEngine.Api.csproj", "{7E6A0F6E-E442-491F-B89C-E8CC1CE84675}"
EndProject
Project("{2150E333-8FDC-42A3-9474-1A3956D46DE8}") = "Machine Learning", "Machine Learning", "{C6186002-1BF4-4054-9AE3-44DED3D6DD47}"
EndProject
Project("{2150E333-8FDC-42A3-9474-1A3956D46DE8}") = "History Engine", "History Engine", "{658E08D3-D75D-4BB2-B542-B7F6C25FEBFF}"
EndProject
Project("{9A19103F-16F7-4668-BE54-9A1E7A4F7556}") = "NameEngine", "..\NameEngine\NameEngine.csproj", "{8E3F2F12-9100-4279-9F43-959F50082A5F}"
EndProject
Project("{FAE04EC0-301F-11D3-BF4B-00C04F79EFBC}") = "CGEngine", "..\..\CLIGL\CLIGL\CGEngine.csproj", "{BA149FED-7C88-47D9-B855-BFF06ADFBE52}"
EndProject
Global
	GlobalSection(SolutionConfigurationPlatforms) = preSolution
		Debug|Any CPU = Debug|Any CPU
		Release|Any CPU = Release|Any CPU
	EndGlobalSection
	GlobalSection(ProjectConfigurationPlatforms) = postSolution
		{6070D07B-0A56-4DEC-B13F-84C6FCF4042B}.Debug|Any CPU.ActiveCfg = Debug|Any CPU
		{6070D07B-0A56-4DEC-B13F-84C6FCF4042B}.Debug|Any CPU.Build.0 = Debug|Any CPU
		{6070D07B-0A56-4DEC-B13F-84C6FCF4042B}.Release|Any CPU.ActiveCfg = Release|Any CPU
		{6070D07B-0A56-4DEC-B13F-84C6FCF4042B}.Release|Any CPU.Build.0 = Release|Any CPU
		{827ACF26-3B12-4788-8491-82F6B161A1F7}.Debug|Any CPU.ActiveCfg = Debug|Any CPU
		{827ACF26-3B12-4788-8491-82F6B161A1F7}.Debug|Any CPU.Build.0 = Debug|Any CPU
		{827ACF26-3B12-4788-8491-82F6B161A1F7}.Release|Any CPU.ActiveCfg = Release|Any CPU
		{827ACF26-3B12-4788-8491-82F6B161A1F7}.Release|Any CPU.Build.0 = Release|Any CPU
		{7E6A0F6E-E442-491F-B89C-E8CC1CE84675}.Debug|Any CPU.ActiveCfg = Debug|Any CPU
		{7E6A0F6E-E442-491F-B89C-E8CC1CE84675}.Debug|Any CPU.Build.0 = Debug|Any CPU
		{7E6A0F6E-E442-491F-B89C-E8CC1CE84675}.Release|Any CPU.ActiveCfg = Release|Any CPU
		{7E6A0F6E-E442-491F-B89C-E8CC1CE84675}.Release|Any CPU.Build.0 = Release|Any CPU
		{8E3F2F12-9100-4279-9F43-959F50082A5F}.Debug|Any CPU.ActiveCfg = Debug|Any CPU
		{8E3F2F12-9100-4279-9F43-959F50082A5F}.Debug|Any CPU.Build.0 = Debug|Any CPU
		{8E3F2F12-9100-4279-9F43-959F50082A5F}.Release|Any CPU.ActiveCfg = Release|Any CPU
		{8E3F2F12-9100-4279-9F43-959F50082A5F}.Release|Any CPU.Build.0 = Release|Any CPU
		{BA149FED-7C88-47D9-B855-BFF06ADFBE52}.Debug|Any CPU.ActiveCfg = Debug|Any CPU
		{BA149FED-7C88-47D9-B855-BFF06ADFBE52}.Debug|Any CPU.Build.0 = Debug|Any CPU
		{BA149FED-7C88-47D9-B855-BFF06ADFBE52}.Release|Any CPU.ActiveCfg = Release|Any CPU
		{BA149FED-7C88-47D9-B855-BFF06ADFBE52}.Release|Any CPU.Build.0 = Release|Any CPU
	EndGlobalSection
	GlobalSection(SolutionProperties) = preSolution
		HideSolutionNode = FALSE
	EndGlobalSection
	GlobalSection(NestedProjects) = preSolution
		{6070D07B-0A56-4DEC-B13F-84C6FCF4042B} = {658E08D3-D75D-4BB2-B542-B7F6C25FEBFF}
		{827ACF26-3B12-4788-8491-82F6B161A1F7} = {658E08D3-D75D-4BB2-B542-B7F6C25FEBFF}
		{7E6A0F6E-E442-491F-B89C-E8CC1CE84675} = {658E08D3-D75D-4BB2-B542-B7F6C25FEBFF}
		{8E3F2F12-9100-4279-9F43-959F50082A5F} = {C6186002-1BF4-4054-9AE3-44DED3D6DD47}
	EndGlobalSection
	GlobalSection(ExtensibilityGlobals) = postSolution
		SolutionGuid = {272A6661-74AD-4DC1-AD97-E0DC9FF8CC92}
	EndGlobalSection
EndGlobal
